
Microsoft Visual Studio Solution File, Format Version 12.00
# Visual Studio Version 17
VisualStudioVersion = 17.5.33516.290
MinimumVisualStudioVersion = 10.0.40219.1
Project("{FAE04EC0-301F-11D3-BF4B-00C04F79EFBC}") = "laba#4.2", "laba#4.2\laba#4.2.csproj", "{F799C695-F857-4813-839C-530A0DCD2046}"
EndProject
Global
	GlobalSection(SolutionConfigurationPlatforms) = preSolution
		Debug|Any CPU = Debug|Any CPU
		Release|Any CPU = Release|Any CPU
	EndGlobalSection
	GlobalSection(ProjectConfigurationPlatforms) = postSolution
		{F799C695-F857-4813-839C-530A0DCD2046}.Debug|Any CPU.ActiveCfg = Debug|Any CPU
		{F799C695-F857-4813-839C-530A0DCD2046}.Debug|Any CPU.Build.0 = Debug|Any CPU
		{F799C695-F857-4813-839C-530A0DCD2046}.Release|Any CPU.ActiveCfg = Release|Any CPU
		{F799C695-F857-4813-839C-530A0DCD2046}.Release|Any CPU.Build.0 = Release|Any CPU
	EndGlobalSection
	GlobalSection(SolutionProperties) = preSolution
		HideSolutionNode = FALSE
	EndGlobalSection
	GlobalSection(ExtensibilityGlobals) = postSolution
		SolutionGuid = {18175176-46FD-4E47-B6BC-ABCAE5B32B62}
	EndGlobalSection
EndGlobal
